
Microsoft Visual Studio Solution File, Format Version 12.00
# Visual Studio Version 17
VisualStudioVersion = 17.13.35931.197
MinimumVisualStudioVersion = 10.0.40219.1
Project("{FAE04EC0-301F-11D3-BF4B-00C04F79EFBC}") = "CSVocalize", "CSVocalize.csproj", "{15201D47-EAE9-4311-A598-27C82E1FDB30}"
EndProject
Global
	GlobalSection(SolutionConfigurationPlatforms) = preSolution
		Debug|Any CPU = Debug|Any CPU
		Release|Any CPU = Release|Any CPU
	EndGlobalSection
	GlobalSection(ProjectConfigurationPlatforms) = postSolution
		{15201D47-EAE9-4311-A598-27C82E1FDB30}.Debug|Any CPU.ActiveCfg = Debug|Any CPU
		{15201D47-EAE9-4311-A598-27C82E1FDB30}.Debug|Any CPU.Build.0 = Debug|Any CPU
		{15201D47-EAE9-4311-A598-27C82E1FDB30}.Release|Any CPU.ActiveCfg = Release|Any CPU
		{15201D47-EAE9-4311-A598-27C82E1FDB30}.Release|Any CPU.Build.0 = Release|Any CPU
	EndGlobalSection
	GlobalSection(SolutionProperties) = preSolution
		HideSolutionNode = FALSE
	EndGlobalSection
	GlobalSection(ExtensibilityGlobals) = postSolution
		SolutionGuid = {B9A9730B-4A32-43E5-9CE4-750837F89F28}
	EndGlobalSection
EndGlobal
